{
  "name": "netlabel-list",
  "version": "2.0.7",
  "lockfileVersion": 1,
  "requires": true,
  "dependencies": {
    "jsonschema": {
      "version": "1.2.6",
      "resolved": "https://registry.npmjs.org/jsonschema/-/jsonschema-1.2.6.tgz",
      "integrity": "sha512-SqhURKZG07JyKKeo/ir24QnS4/BV7a6gQy93bUSe4lUdNp0QNpIz2c9elWJQ9dpc5cQYY6cvCzgRwy0MQCLyqA=="
    }
  }
}
